schema: '2.0'
stages:
  collect:
    cmd: python src/collect.py
    deps:
    - path: params.yaml
      hash: md5
      md5: 334035fedf278815b8de3532df98db42
      size: 422
    - path: src/collect.py
      hash: md5
      md5: 28f466693ca26ff386e4cda74d0c8dda
      size: 2316
    params:
      params.yaml:
        collect:
          start_days_ago: 180
          locations:
            technopark:
              lat: 8.5574
              lon: 76.88
            thampanoor:
              lat: 8.4875
              lon: 76.9525
          variables:
          - temperature_2m
          - relative_humidity_2m
          - precipitation
          - wind_speed_10m
    outs:
    - path: data/raw/technopark.csv
      hash: md5
      md5: a84004f045cab2e2b9ea443ca96c5cfd
      size: 156641
    - path: data/raw/thampanoor.csv
      hash: md5
      md5: e7fd203a01b06f8e151368ab1e267beb
      size: 156927
  preprocess:
    cmd: python src/preprocess.py
    deps:
    - path: data/raw/technopark.csv
      hash: md5
      md5: a84004f045cab2e2b9ea443ca96c5cfd
      size: 156641
    - path: data/raw/thampanoor.csv
      hash: md5
      md5: e7fd203a01b06f8e151368ab1e267beb
      size: 156927
    - path: params.yaml
      hash: md5
      md5: 334035fedf278815b8de3532df98db42
      size: 422
    - path: src/preprocess.py
      hash: md5
      md5: 9fdb4de3f70a1d033847a314ebff17b2
      size: 2147
    params:
      params.yaml:
        preprocess:
          window_size: 48
          horizon: 24
          test_split: 0.2
    outs:
    - path: data/processed/technopark_X_test.npy
      hash: md5
      md5: dac9c2c5771b9e93502ec0156b05075a
      size: 1958528
    - path: data/processed/technopark_X_train.npy
      hash: md5
      md5: e429cd8ee42c323ee41613d7971d2093
      size: 7831424
    - path: data/processed/technopark_y_test.npy
      hash: md5
      md5: feb96e31dff11f460aa5bf512c36dd9d
      size: 163328
    - path: data/processed/technopark_y_train.npy
      hash: md5
      md5: 2599f350362b5d1549a5ffb1be36cb8d
      size: 652736
    - path: data/processed/thampanoor_X_test.npy
      hash: md5
      md5: 459620334907ea570996eea5a9e0502a
      size: 1958528
    - path: data/processed/thampanoor_X_train.npy
      hash: md5
      md5: 192223ce95fa615dfcbe4d30f25fa51f
      size: 7831424
    - path: data/processed/thampanoor_y_test.npy
      hash: md5
      md5: efeca3ebb1650ae7a1875f027d996e0c
      size: 163328
    - path: data/processed/thampanoor_y_train.npy
      hash: md5
      md5: 90d09aa83157184f6411099dbb0671bf
      size: 652736
    - path: models/technopark_scaler.pkl
      hash: md5
      md5: 9a0a01337f85452f70383cef23e946b3
      size: 903
    - path: models/thampanoor_scaler.pkl
      hash: md5
      md5: 8f1fe1d93474e5fe33eeef36d459aa65
      size: 903
  train:
    cmd: python src/train.py
    deps:
    - path: data/processed/technopark_X_test.npy
      hash: md5
      md5: dac9c2c5771b9e93502ec0156b05075a
      size: 1958528
    - path: data/processed/technopark_X_train.npy
      hash: md5
      md5: e429cd8ee42c323ee41613d7971d2093
      size: 7831424
    - path: data/processed/technopark_y_test.npy
      hash: md5
      md5: feb96e31dff11f460aa5bf512c36dd9d
      size: 163328
    - path: data/processed/technopark_y_train.npy
      hash: md5
      md5: 2599f350362b5d1549a5ffb1be36cb8d
      size: 652736
    - path: data/processed/thampanoor_X_test.npy
      hash: md5
      md5: 459620334907ea570996eea5a9e0502a
      size: 1958528
    - path: data/processed/thampanoor_X_train.npy
      hash: md5
      md5: 192223ce95fa615dfcbe4d30f25fa51f
      size: 7831424
    - path: data/processed/thampanoor_y_test.npy
      hash: md5
      md5: efeca3ebb1650ae7a1875f027d996e0c
      size: 163328
    - path: data/processed/thampanoor_y_train.npy
      hash: md5
      md5: 90d09aa83157184f6411099dbb0671bf
      size: 652736
    - path: params.yaml
      hash: md5
      md5: 334035fedf278815b8de3532df98db42
      size: 422
    - path: src/train.py
      hash: md5
      md5: b2be19360146d81f2d39939acfd74b56
      size: 3345
    params:
      params.yaml:
        model:
          lstm_units: 64
          dropout: 0.2
          epochs: 30
          patience: 5
          batch_size: 32
          learning_rate: 0.001
        preprocess.horizon: 24
    outs:
    - path: metrics.json
      hash: md5
      md5: 6ec34af954c9bb424f9f62c072659a01
      size: 124
    - path: models/technopark_model.keras
      hash: md5
      md5: 1809511de1acb845cc569e10ed83414f
      size: 263167
    - path: models/thampanoor_model.keras
      hash: md5
      md5: f29b8addd28214dad57dbf0399391488
      size: 263177
    - path: version.json
      hash: md5
      md5: fb2cadbf5bfc8be2c252ccaf16056978
      size: 204
