schema: '2.0'
stages:
  collect:
    cmd: python src/collect.py
    deps:
    - path: params.yaml
      hash: md5
      md5: 334035fedf278815b8de3532df98db42
      size: 422
    - path: src/collect.py
      hash: md5
      md5: 28f466693ca26ff386e4cda74d0c8dda
      size: 2316
    params:
      params.yaml:
        collect:
          start_days_ago: 180
          locations:
            technopark:
              lat: 8.5574
              lon: 76.88
            thampanoor:
              lat: 8.4875
              lon: 76.9525
          variables:
          - temperature_2m
          - relative_humidity_2m
          - precipitation
          - wind_speed_10m
    outs:
    - path: data/raw/technopark.csv
      hash: md5
      md5: 0374267a0631fed82e1b720d14464bec
      size: 156650
    - path: data/raw/thampanoor.csv
      hash: md5
      md5: 26ec178dcdfad5671ad231c7dc6d97ae
      size: 156936
  preprocess:
    cmd: python src/preprocess.py
    deps:
    - path: data/raw/technopark.csv
      hash: md5
      md5: 0374267a0631fed82e1b720d14464bec
      size: 156650
    - path: data/raw/thampanoor.csv
      hash: md5
      md5: 26ec178dcdfad5671ad231c7dc6d97ae
      size: 156936
    - path: params.yaml
      hash: md5
      md5: 334035fedf278815b8de3532df98db42
      size: 422
    - path: src/preprocess.py
      hash: md5
      md5: 9fdb4de3f70a1d033847a314ebff17b2
      size: 2147
    params:
      params.yaml:
        preprocess:
          window_size: 48
          horizon: 24
          test_split: 0.2
    outs:
    - path: data/processed/technopark_X_test.npy
      hash: md5
      md5: a3dcc2bd202318c19be51f96860d3836
      size: 1958528
    - path: data/processed/technopark_X_train.npy
      hash: md5
      md5: b6f7c917b8e1f51d5cbfce8ec63963ab
      size: 7831424
    - path: data/processed/technopark_y_test.npy
      hash: md5
      md5: a00b030525d957fa13bb3ae6f1f1d9da
      size: 163328
    - path: data/processed/technopark_y_train.npy
      hash: md5
      md5: d43dba91f6d21c6d17d31a0f91319903
      size: 652736
    - path: data/processed/thampanoor_X_test.npy
      hash: md5
      md5: d25a1f8410645e5ec76253edce54d5d9
      size: 1958528
    - path: data/processed/thampanoor_X_train.npy
      hash: md5
      md5: 81ae3db446edc60c9d9539c3a480cbed
      size: 7831424
    - path: data/processed/thampanoor_y_test.npy
      hash: md5
      md5: be631a0139bf71f658685b82685a59a4
      size: 163328
    - path: data/processed/thampanoor_y_train.npy
      hash: md5
      md5: fc7be16c723167d64c0befe1a05e8dea
      size: 652736
    - path: models/technopark_scaler.pkl
      hash: md5
      md5: 9a0a01337f85452f70383cef23e946b3
      size: 903
    - path: models/thampanoor_scaler.pkl
      hash: md5
      md5: 8f1fe1d93474e5fe33eeef36d459aa65
      size: 903
  train:
    cmd: python src/train.py
    deps:
    - path: data/processed/technopark_X_test.npy
      hash: md5
      md5: a3dcc2bd202318c19be51f96860d3836
      size: 1958528
    - path: data/processed/technopark_X_train.npy
      hash: md5
      md5: b6f7c917b8e1f51d5cbfce8ec63963ab
      size: 7831424
    - path: data/processed/technopark_y_test.npy
      hash: md5
      md5: a00b030525d957fa13bb3ae6f1f1d9da
      size: 163328
    - path: data/processed/technopark_y_train.npy
      hash: md5
      md5: d43dba91f6d21c6d17d31a0f91319903
      size: 652736
    - path: data/processed/thampanoor_X_test.npy
      hash: md5
      md5: d25a1f8410645e5ec76253edce54d5d9
      size: 1958528
    - path: data/processed/thampanoor_X_train.npy
      hash: md5
      md5: 81ae3db446edc60c9d9539c3a480cbed
      size: 7831424
    - path: data/processed/thampanoor_y_test.npy
      hash: md5
      md5: be631a0139bf71f658685b82685a59a4
      size: 163328
    - path: data/processed/thampanoor_y_train.npy
      hash: md5
      md5: fc7be16c723167d64c0befe1a05e8dea
      size: 652736
    - path: params.yaml
      hash: md5
      md5: 334035fedf278815b8de3532df98db42
      size: 422
    - path: src/train.py
      hash: md5
      md5: b2be19360146d81f2d39939acfd74b56
      size: 3345
    params:
      params.yaml:
        model:
          lstm_units: 64
          dropout: 0.2
          epochs: 30
          patience: 5
          batch_size: 32
          learning_rate: 0.001
        preprocess.horizon: 24
    outs:
    - path: metrics.json
      hash: md5
      md5: 8020f12991b28adaaf1aa2d85b99a4cb
      size: 124
    - path: models/technopark_model.keras
      hash: md5
      md5: 300e97338453356d76184e51ad360865
      size: 263167
    - path: models/thampanoor_model.keras
      hash: md5
      md5: 90ca5a84318422e1ce3d303c6ffb797f
      size: 263177
    - path: version.json
      hash: md5
      md5: 78aa8e07e48b53b02785ce9483456dc9
      size: 204
