schema: '2.0'
stages:
  collect:
    cmd: python src/collect.py
    deps:
    - path: params.yaml
      hash: md5
      md5: 334035fedf278815b8de3532df98db42
      size: 422
    - path: src/collect.py
      hash: md5
      md5: 28f466693ca26ff386e4cda74d0c8dda
      size: 2316
    params:
      params.yaml:
        collect:
          start_days_ago: 180
          locations:
            technopark:
              lat: 8.5574
              lon: 76.88
            thampanoor:
              lat: 8.4875
              lon: 76.9525
          variables:
          - temperature_2m
          - relative_humidity_2m
          - precipitation
          - wind_speed_10m
    outs:
    - path: data/raw/technopark.csv
      hash: md5
      md5: e5178198e86035ce7aed25cf8c26de65
      size: 158366
    - path: data/raw/thampanoor.csv
      hash: md5
      md5: ed235a50bbf14ca1dcb961815c0c8bf7
      size: 158840
  preprocess:
    cmd: python src/preprocess.py
    deps:
    - path: data/raw/technopark.csv
      hash: md5
      md5: e5178198e86035ce7aed25cf8c26de65
      size: 158366
    - path: data/raw/thampanoor.csv
      hash: md5
      md5: ed235a50bbf14ca1dcb961815c0c8bf7
      size: 158840
    - path: params.yaml
      hash: md5
      md5: 334035fedf278815b8de3532df98db42
      size: 422
    - path: src/preprocess.py
      hash: md5
      md5: 9fdb4de3f70a1d033847a314ebff17b2
      size: 2147
    params:
      params.yaml:
        preprocess:
          window_size: 48
          horizon: 24
          test_split: 0.2
    outs:
    - path: data/processed/technopark_X_test.npy
      hash: md5
      md5: 6d3089156a17ad4cb0c94531f62bc97e
      size: 1958528
    - path: data/processed/technopark_X_train.npy
      hash: md5
      md5: 54b12aec7ed2c56eaff50ccb8e0ddefa
      size: 7831424
    - path: data/processed/technopark_y_test.npy
      hash: md5
      md5: 98a019955884aa4f7d9ef86e84898223
      size: 163328
    - path: data/processed/technopark_y_train.npy
      hash: md5
      md5: 88d70e78a5a63282fca7a3bc79e4412e
      size: 652736
    - path: data/processed/thampanoor_X_test.npy
      hash: md5
      md5: 1bc5825c2dd3fa711efc168a52bde262
      size: 1958528
    - path: data/processed/thampanoor_X_train.npy
      hash: md5
      md5: b94e31ec0efdaffa2d8f1ed59c0cdb13
      size: 7831424
    - path: data/processed/thampanoor_y_test.npy
      hash: md5
      md5: d72d06572d2a490233df6c46e076421c
      size: 163328
    - path: data/processed/thampanoor_y_train.npy
      hash: md5
      md5: 50d8bf3a2fa3bb5e0cd304594d7dee1d
      size: 652736
    - path: models/technopark_scaler.pkl
      hash: md5
      md5: 71cac194dfc765fc17ade7b37037b561
      size: 903
    - path: models/thampanoor_scaler.pkl
      hash: md5
      md5: 780f04c3c4ffe6193dbe8330d26779bd
      size: 903
  train:
    cmd: python src/train.py
    deps:
    - path: data/processed/technopark_X_test.npy
      hash: md5
      md5: 6d3089156a17ad4cb0c94531f62bc97e
      size: 1958528
    - path: data/processed/technopark_X_train.npy
      hash: md5
      md5: 54b12aec7ed2c56eaff50ccb8e0ddefa
      size: 7831424
    - path: data/processed/technopark_y_test.npy
      hash: md5
      md5: 98a019955884aa4f7d9ef86e84898223
      size: 163328
    - path: data/processed/technopark_y_train.npy
      hash: md5
      md5: 88d70e78a5a63282fca7a3bc79e4412e
      size: 652736
    - path: data/processed/thampanoor_X_test.npy
      hash: md5
      md5: 1bc5825c2dd3fa711efc168a52bde262
      size: 1958528
    - path: data/processed/thampanoor_X_train.npy
      hash: md5
      md5: b94e31ec0efdaffa2d8f1ed59c0cdb13
      size: 7831424
    - path: data/processed/thampanoor_y_test.npy
      hash: md5
      md5: d72d06572d2a490233df6c46e076421c
      size: 163328
    - path: data/processed/thampanoor_y_train.npy
      hash: md5
      md5: 50d8bf3a2fa3bb5e0cd304594d7dee1d
      size: 652736
    - path: params.yaml
      hash: md5
      md5: 334035fedf278815b8de3532df98db42
      size: 422
    - path: src/train.py
      hash: md5
      md5: b2be19360146d81f2d39939acfd74b56
      size: 3345
    params:
      params.yaml:
        model:
          lstm_units: 64
          dropout: 0.2
          epochs: 30
          patience: 5
          batch_size: 32
          learning_rate: 0.001
        preprocess.horizon: 24
    outs:
    - path: metrics.json
      hash: md5
      md5: 24f4d8079aedf12af47884695f0ece7d
      size: 124
    - path: models/technopark_model.keras
      hash: md5
      md5: 538b3655545d3fb7cddf879c6900b3b4
      size: 263167
    - path: models/thampanoor_model.keras
      hash: md5
      md5: bda718b6a657e919178d6006c420eb59
      size: 263177
    - path: version.json
      hash: md5
      md5: 7219f76eb4750f16c6150ae8c68dc31c
      size: 204
